
Microsoft Visual Studio Solution File, Format Version 12.00
# Visual Studio Version 17
VisualStudioVersion = 17.10.34928.147
MinimumVisualStudioVersion = 10.0.40219.1
Project("{FAE04EC0-301F-11D3-BF4B-00C04F79EFBC}") = "Empresa laboral ADNE - Proyecto PTC", "Empresa laboral ADNE - Proyecto PTC.csproj", "{99E69C3D-A57B-4659-B968-7C703BB06466}"
EndProject
Global
	GlobalSection(SolutionConfigurationPlatforms) = preSolution
		Debug|Any CPU = Debug|Any CPU
		Release|Any CPU = Release|Any CPU
	EndGlobalSection
	GlobalSection(ProjectConfigurationPlatforms) = postSolution
		{99E69C3D-A57B-4659-B968-7C703BB06466}.Debug|Any CPU.ActiveCfg = Debug|Any CPU
		{99E69C3D-A57B-4659-B968-7C703BB06466}.Debug|Any CPU.Build.0 = Debug|Any CPU
		{99E69C3D-A57B-4659-B968-7C703BB06466}.Release|Any CPU.ActiveCfg = Release|Any CPU
		{99E69C3D-A57B-4659-B968-7C703BB06466}.Release|Any CPU.Build.0 = Release|Any CPU
	EndGlobalSection
	GlobalSection(SolutionProperties) = preSolution
		HideSolutionNode = FALSE
	EndGlobalSection
	GlobalSection(ExtensibilityGlobals) = postSolution
		SolutionGuid = {D8266B59-2E92-4C0B-9542-39537B49017C}
	EndGlobalSection
EndGlobal
